
Microsoft Visual Studio Solution File, Format Version 12.00
# Visual Studio 2013
VisualStudioVersion = 12.0.21005.1
MinimumVisualStudioVersion = 10.0.40219.1
Project("{FAE04EC0-301F-11D3-BF4B-00C04F79EFBC}") = "ChatClient", "ChatClient\ChatClient.csproj", "{87E64556-C3A7-4FC8-86E3-36723155CFCD}"
EndProject
Project("{9092AA53-FB77-4645-B42D-1CCCA6BD08BD}") = "ChatServer", "ChatServer\ChatServer.njsproj", "{CA793C00-B7F2-4BA9-8966-AB75B4EC3ABD}"
EndProject
Global
	GlobalSection(SolutionConfigurationPlatforms) = preSolution
		Debug|Any CPU = Debug|Any CPU
		Release|Any CPU = Release|Any CPU
	EndGlobalSection
	GlobalSection(ProjectConfigurationPlatforms) = postSolution
		{87E64556-C3A7-4FC8-86E3-36723155CFCD}.Debug|Any CPU.ActiveCfg = Debug|Any CPU
		{87E64556-C3A7-4FC8-86E3-36723155CFCD}.Debug|Any CPU.Build.0 = Debug|Any CPU
		{87E64556-C3A7-4FC8-86E3-36723155CFCD}.Release|Any CPU.ActiveCfg = Release|Any CPU
		{87E64556-C3A7-4FC8-86E3-36723155CFCD}.Release|Any CPU.Build.0 = Release|Any CPU
		{CA793C00-B7F2-4BA9-8966-AB75B4EC3ABD}.Debug|Any CPU.ActiveCfg = Debug|Any CPU
		{CA793C00-B7F2-4BA9-8966-AB75B4EC3ABD}.Debug|Any CPU.Build.0 = Debug|Any CPU
		{CA793C00-B7F2-4BA9-8966-AB75B4EC3ABD}.Release|Any CPU.ActiveCfg = Release|Any CPU
		{CA793C00-B7F2-4BA9-8966-AB75B4EC3ABD}.Release|Any CPU.Build.0 = Release|Any CPU
	EndGlobalSection
	GlobalSection(SolutionProperties) = preSolution
		HideSolutionNode = FALSE
	EndGlobalSection
EndGlobal
